// !$*UTF8*$!
{
	archiveVersion = 1;
	classes = {
	};
	objectVersion = 56;
	objects = {

/* Begin PBXBuildFile section */
		2F115C8F2B9E8389004C3486 /* SuperSimpleBudgetPlannerApp.swift in Sources */ = {isa = PBXBuildFile; fileRef = 2F115C8E2B9E8389004C3486 /* SuperSimpleBudgetPlannerApp.swift */; };
		2F115C912B9E8389004C3486 /* ContentView.swift in Sources */ = {isa = PBXBuildFile; fileRef = 2F115C902B9E8389004C3486 /* ContentView.swift */; };
		2F115C932B9E838B004C3486 /* Assets.xcassets in Resources */ = {isa = PBXBuildFile; fileRef = 2F115C922B9E838B004C3486 /* Assets.xcassets */; };
		2F115C962B9E838B004C3486 /* Preview Assets.xcassets in Resources */ = {isa = PBXBuildFile; fileRef = 2F115C952B9E838B004C3486 /* Preview Assets.xcassets */; };
		2F115CA02B9E838C004C3486 /* SuperSimpleBudgetPlannerTests.swift in Sources */ = {isa = PBXBuildFile; fileRef = 2F115C9F2B9E838C004C3486 /* SuperSimpleBudgetPlannerTests.swift */; };
		2F115CAA2B9E838C004C3486 /* SuperSimpleBudgetPlannerUITests.swift in Sources */ = {isa = PBXBuildFile; fileRef = 2F115CA92B9E838C004C3486 /* SuperSimpleBudgetPlannerUITests.swift */; };
		2F115CAC2B9E838C004C3486 /* SuperSimpleBudgetPlannerUITestsLaunchTests.swift in Sources */ = {isa = PBXBuildFile; fileRef = 2F115CAB2B9E838C004C3486 /* SuperSimpleBudgetPlannerUITestsLaunchTests.swift */; };
		2F115CB92B9E85A8004C3486 /* Supabase.swift in Sources */ = {isa = PBXBuildFile; fileRef = 2F115CB82B9E85A8004C3486 /* Supabase.swift */; };
		2F67AF312BB21FB500EF0372 /* ExpensesData.swift in Sources */ = {isa = PBXBuildFile; fileRef = 2F67AF302BB21FB500EF0372 /* ExpensesData.swift */; };
		2F78D6DB2BA532F70096D6AA /* AddExpenseView.swift in Sources */ = {isa = PBXBuildFile; fileRef = 2F78D6DA2BA532F60096D6AA /* AddExpenseView.swift */; };
		2F78D6DF2BA675C90096D6AA /* User.swift in Sources */ = {isa = PBXBuildFile; fileRef = 2F78D6DE2BA675C90096D6AA /* User.swift */; };
		2F78D6E12BA67CE60096D6AA /* Expense.swift in Sources */ = {isa = PBXBuildFile; fileRef = 2F78D6E02BA67CE60096D6AA /* Expense.swift */; };
		2F78D6E32BA67DDF0096D6AA /* DateFormatter.swift in Sources */ = {isa = PBXBuildFile; fileRef = 2F78D6E22BA67DDF0096D6AA /* DateFormatter.swift */; };
		2F96A8A42BBA28FC008624CB /* SettingsView.swift in Sources */ = {isa = PBXBuildFile; fileRef = 2F96A8A32BBA28FC008624CB /* SettingsView.swift */; };
		2F96A8A82BBA3CF1008624CB /* UserSession.swift in Sources */ = {isa = PBXBuildFile; fileRef = 2F96A8A72BBA3CF1008624CB /* UserSession.swift */; };
		2FE98C722B9E8899008EAD23 /* Auth in Frameworks */ = {isa = PBXBuildFile; productRef = 2FE98C712B9E8899008EAD23 /* Auth */; };
		2FE98C742B9E8899008EAD23 /* Functions in Frameworks */ = {isa = PBXBuildFile; productRef = 2FE98C732B9E8899008EAD23 /* Functions */; };
		2FE98C762B9E8899008EAD23 /* PostgREST in Frameworks */ = {isa = PBXBuildFile; productRef = 2FE98C752B9E8899008EAD23 /* PostgREST */; };
		2FE98C782B9E8899008EAD23 /* Realtime in Frameworks */ = {isa = PBXBuildFile; productRef = 2FE98C772B9E8899008EAD23 /* Realtime */; };
		2FE98C7A2B9E8899008EAD23 /* Storage in Frameworks */ = {isa = PBXBuildFile; productRef = 2FE98C792B9E8899008EAD23 /* Storage */; };
		2FE98C7C2B9E8899008EAD23 /* Supabase in Frameworks */ = {isa = PBXBuildFile; productRef = 2FE98C7B2B9E8899008EAD23 /* Supabase */; };
		2FE98C802B9E89CA008EAD23 /* LoginView.swift in Sources */ = {isa = PBXBuildFile; fileRef = 2FE98C7F2B9E89CA008EAD23 /* LoginView.swift */; };
		2FE98C822B9E89E5008EAD23 /* SignupView.swift in Sources */ = {isa = PBXBuildFile; fileRef = 2FE98C812B9E89E5008EAD23 /* SignupView.swift */; };
		2FE98C842B9E8EC7008EAD23 /* ExpenseListView.swift in Sources */ = {isa = PBXBuildFile; fileRef = 2FE98C832B9E8EC7008EAD23 /* ExpenseListView.swift */; };
/* End PBXBuildFile section */

/* Begin PBXContainerItemProxy section */
		2F115C9C2B9E838C004C3486 /* PBXContainerItemProxy */ = {
			isa = PBXContainerItemProxy;
			containerPortal = 2F115C832B9E8389004C3486 /* Project object */;
			proxyType = 1;
			remoteGlobalIDString = 2F115C8A2B9E8389004C3486;
			remoteInfo = SuperSimpleBudgetPlanner;
		};
		2F115CA62B9E838C004C3486 /* PBXContainerItemProxy */ = {
			isa = PBXContainerItemProxy;
			containerPortal = 2F115C832B9E8389004C3486 /* Project object */;
			proxyType = 1;
			remoteGlobalIDString = 2F115C8A2B9E8389004C3486;
			remoteInfo = SuperSimpleBudgetPlanner;
		};
/* End PBXContainerItemProxy section */

/* Begin PBXFileReference section */
		2F115C8B2B9E8389004C3486 /* SuperSimpleBudgetPlanner.app */ = {isa = PBXFileReference; explicitFileType = wrapper.application; includeInIndex = 0; path = SuperSimpleBudgetPlanner.app; sourceTree = BUILT_PRODUCTS_DIR; };
		2F115C8E2B9E8389004C3486 /* SuperSimpleBudgetPlannerApp.swift */ = {isa = PBXFileReference; lastKnownFileType = sourcecode.swift; path = SuperSimpleBudgetPlannerApp.swift; sourceTree = "<group>"; };
		2F115C902B9E8389004C3486 /* ContentView.swift */ = {isa = PBXFileReference; lastKnownFileType = sourcecode.swift; path = ContentView.swift; sourceTree = "<group>"; };
		2F115C922B9E838B004C3486 /* Assets.xcassets */ = {isa = PBXFileReference; lastKnownFileType = folder.assetcatalog; path = Assets.xcassets; sourceTree = "<group>"; };
		2F115C952B9E838B004C3486 /* Preview Assets.xcassets */ = {isa = PBXFileReference; lastKnownFileType = folder.assetcatalog; path = "Preview Assets.xcassets"; sourceTree = "<group>"; };
		2F115C9B2B9E838C004C3486 /* SuperSimpleBudgetPlannerTests.xctest */ = {isa = PBXFileReference; explicitFileType = wrapper.cfbundle; includeInIndex = 0; path = SuperSimpleBudgetPlannerTests.xctest; sourceTree = BUILT_PRODUCTS_DIR; };
		2F115C9F2B9E838C004C3486 /* SuperSimpleBudgetPlannerTests.swift */ = {isa = PBXFileReference; lastKnownFileType = sourcecode.swift; path = SuperSimpleBudgetPlannerTests.swift; sourceTree = "<group>"; };
		2F115CA52B9E838C004C3486 /* SuperSimpleBudgetPlannerUITests.xctest */ = {isa = PBXFileReference; explicitFileType = wrapper.cfbundle; includeInIndex = 0; path = SuperSimpleBudgetPlannerUITests.xctest; sourceTree = BUILT_PRODUCTS_DIR; };
		2F115CA92B9E838C004C3486 /* SuperSimpleBudgetPlannerUITests.swift */ = {isa = PBXFileReference; lastKnownFileType = sourcecode.swift; path = SuperSimpleBudgetPlannerUITests.swift; sourceTree = "<group>"; };
		2F115CAB2B9E838C004C3486 /* SuperSimpleBudgetPlannerUITestsLaunchTests.swift */ = {isa = PBXFileReference; lastKnownFileType = sourcecode.swift; path = SuperSimpleBudgetPlannerUITestsLaunchTests.swift; sourceTree = "<group>"; };
		2F115CB82B9E85A8004C3486 /* Supabase.swift */ = {isa = PBXFileReference; lastKnownFileType = sourcecode.swift; path = Supabase.swift; sourceTree = "<group>"; };
		2F67AF302BB21FB500EF0372 /* ExpensesData.swift */ = {isa = PBXFileReference; lastKnownFileType = sourcecode.swift; path = ExpensesData.swift; sourceTree = "<group>"; };
		2F78D6DA2BA532F60096D6AA /* AddExpenseView.swift */ = {isa = PBXFileReference; lastKnownFileType = sourcecode.swift; path = AddExpenseView.swift; sourceTree = "<group>"; };
		2F78D6DE2BA675C90096D6AA /* User.swift */ = {isa = PBXFileReference; lastKnownFileType = sourcecode.swift; path = User.swift; sourceTree = "<group>"; };
		2F78D6E02BA67CE60096D6AA /* Expense.swift */ = {isa = PBXFileReference; lastKnownFileType = sourcecode.swift; path = Expense.swift; sourceTree = "<group>"; };
		2F78D6E22BA67DDF0096D6AA /* DateFormatter.swift */ = {isa = PBXFileReference; lastKnownFileType = sourcecode.swift; path = DateFormatter.swift; sourceTree = "<group>"; };
		2F96A8A32BBA28FC008624CB /* SettingsView.swift */ = {isa = PBXFileReference; lastKnownFileType = sourcecode.swift; path = SettingsView.swift; sourceTree = "<group>"; };
		2F96A8A72BBA3CF1008624CB /* UserSession.swift */ = {isa = PBXFileReference; fileEncoding = 4; lastKnownFileType = sourcecode.swift; path = UserSession.swift; sourceTree = "<group>"; };
		2FE98C7F2B9E89CA008EAD23 /* LoginView.swift */ = {isa = PBXFileReference; lastKnownFileType = sourcecode.swift; path = LoginView.swift; sourceTree = "<group>"; };
		2FE98C812B9E89E5008EAD23 /* SignupView.swift */ = {isa = PBXFileReference; lastKnownFileType = sourcecode.swift; path = SignupView.swift; sourceTree = "<group>"; };
		2FE98C832B9E8EC7008EAD23 /* ExpenseListView.swift */ = {isa = PBXFileReference; lastKnownFileType = sourcecode.swift; path = ExpenseListView.swift; sourceTree = "<group>"; };
/* End PBXFileReference section */

/* Begin PBXFrameworksBuildPhase section */
		2F115C882B9E8389004C3486 /* Frameworks */ = {
			isa = PBXFrameworksBuildPhase;
			buildActionMask = 2147483647;
			files = (
				2FE98C762B9E8899008EAD23 /* PostgREST in Frameworks */,
				2FE98C742B9E8899008EAD23 /* Functions in Frameworks */,
				2FE98C7C2B9E8899008EAD23 /* Supabase in Frameworks */,
				2FE98C722B9E8899008EAD23 /* Auth in Frameworks */,
				2FE98C7A2B9E8899008EAD23 /* Storage in Frameworks */,
				2FE98C782B9E8899008EAD23 /* Realtime in Frameworks */,
			);
			runOnlyForDeploymentPostprocessing = 0;
		};
		2F115C982B9E838C004C3486 /* Frameworks */ = {
			isa = PBXFrameworksBuildPhase;
			buildActionMask = 2147483647;
			files = (
			);
			runOnlyForDeploymentPostprocessing = 0;
		};
		2F115CA22B9E838C004C3486 /* Frameworks */ = {
			isa = PBXFrameworksBuildPhase;
			buildActionMask = 2147483647;
			files = (
			);
			runOnlyForDeploymentPostprocessing = 0;
		};
/* End PBXFrameworksBuildPhase section */

/* Begin PBXGroup section */
		2F115C822B9E8389004C3486 = {
			isa = PBXGroup;
			children = (
				2F115C8D2B9E8389004C3486 /* SuperSimpleBudgetPlanner */,
				2F115C9E2B9E838C004C3486 /* SuperSimpleBudgetPlannerTests */,
				2F115CA82B9E838C004C3486 /* SuperSimpleBudgetPlannerUITests */,
				2F115C8C2B9E8389004C3486 /* Products */,
			);
			sourceTree = "<group>";
		};
		2F115C8C2B9E8389004C3486 /* Products */ = {
			isa = PBXGroup;
			children = (
				2F115C8B2B9E8389004C3486 /* SuperSimpleBudgetPlanner.app */,
				2F115C9B2B9E838C004C3486 /* SuperSimpleBudgetPlannerTests.xctest */,
				2F115CA52B9E838C004C3486 /* SuperSimpleBudgetPlannerUITests.xctest */,
			);
			name = Products;
			sourceTree = "<group>";
		};
		2F115C8D2B9E8389004C3486 /* SuperSimpleBudgetPlanner */ = {
			isa = PBXGroup;
			children = (
				2F115C8E2B9E8389004C3486 /* SuperSimpleBudgetPlannerApp.swift */,
				2F115C902B9E8389004C3486 /* ContentView.swift */,
				2F115C922B9E838B004C3486 /* Assets.xcassets */,
				2F115C942B9E838B004C3486 /* Preview Content */,
				2F115CB82B9E85A8004C3486 /* Supabase.swift */,
				2FE98C7F2B9E89CA008EAD23 /* LoginView.swift */,
				2FE98C812B9E89E5008EAD23 /* SignupView.swift */,
				2FE98C832B9E8EC7008EAD23 /* ExpenseListView.swift */,
				2F96A8A72BBA3CF1008624CB /* UserSession.swift */,
				2F78D6DA2BA532F60096D6AA /* AddExpenseView.swift */,
				2F78D6DE2BA675C90096D6AA /* User.swift */,
				2F78D6E02BA67CE60096D6AA /* Expense.swift */,
				2F78D6E22BA67DDF0096D6AA /* DateFormatter.swift */,
				2F67AF302BB21FB500EF0372 /* ExpensesData.swift */,
				2F96A8A32BBA28FC008624CB /* SettingsView.swift */,
			);
			path = SuperSimpleBudgetPlanner;
			sourceTree = "<group>";
		};
		2F115C942B9E838B004C3486 /* Preview Content */ = {
			isa = PBXGroup;
			children = (
				2F115C952B9E838B004C3486 /* Preview Assets.xcassets */,
			);
			path = "Preview Content";
			sourceTree = "<group>";
		};
		2F115C9E2B9E838C004C3486 /* SuperSimpleBudgetPlannerTests */ = {
			isa = PBXGroup;
			children = (
				2F115C9F2B9E838C004C3486 /* SuperSimpleBudgetPlannerTests.swift */,
			);
			path = SuperSimpleBudgetPlannerTests;
			sourceTree = "<group>";
		};
		2F115CA82B9E838C004C3486 /* SuperSimpleBudgetPlannerUITests */ = {
			isa = PBXGroup;
			children = (
				2F115CA92B9E838C004C3486 /* SuperSimpleBudgetPlannerUITests.swift */,
				2F115CAB2B9E838C004C3486 /* SuperSimpleBudgetPlannerUITestsLaunchTests.swift */,
			);
			path = SuperSimpleBudgetPlannerUITests;
			sourceTree = "<group>";
		};
/* End PBXGroup section */

/* Begin PBXNativeTarget section */
		2F115C8A2B9E8389004C3486 /* SuperSimpleBudgetPlanner */ = {
			isa = PBXNativeTarget;
			buildConfigurationList = 2F115CAF2B9E838C004C3486 /* Build configuration list for PBXNativeTarget "SuperSimpleBudgetPlanner" */;
			buildPhases = (
				2F115C872B9E8389004C3486 /* Sources */,
				2F115C882B9E8389004C3486 /* Frameworks */,
				2F115C892B9E8389004C3486 /* Resources */,
			);
			buildRules = (
			);
			dependencies = (
			);
			name = SuperSimpleBudgetPlanner;
			packageProductDependencies = (
				2FE98C712B9E8899008EAD23 /* Auth */,
				2FE98C732B9E8899008EAD23 /* Functions */,
				2FE98C752B9E8899008EAD23 /* PostgREST */,
				2FE98C772B9E8899008EAD23 /* Realtime */,
				2FE98C792B9E8899008EAD23 /* Storage */,
				2FE98C7B2B9E8899008EAD23 /* Supabase */,
			);
			productName = SuperSimpleBudgetPlanner;
			productReference = 2F115C8B2B9E8389004C3486 /* SuperSimpleBudgetPlanner.app */;
			productType = "com.apple.product-type.application";
		};
		2F115C9A2B9E838C004C3486 /* SuperSimpleBudgetPlannerTests */ = {
			isa = PBXNativeTarget;
			buildConfigurationList = 2F115CB22B9E838C004C3486 /* Build configuration list for PBXNativeTarget "SuperSimpleBudgetPlannerTests" */;
			buildPhases = (
				2F115C972B9E838C004C3486 /* Sources */,
				2F115C982B9E838C004C3486 /* Frameworks */,
				2F115C992B9E838C004C3486 /* Resources */,
			);
			buildRules = (
			);
			dependencies = (
				2F115C9D2B9E838C004C3486 /* PBXTargetDependency */,
			);
			name = SuperSimpleBudgetPlannerTests;
			productName = SuperSimpleBudgetPlannerTests;
			productReference = 2F115C9B2B9E838C004C3486 /* SuperSimpleBudgetPlannerTests.xctest */;
			productType = "com.apple.product-type.bundle.unit-test";
		};
		2F115CA42B9E838C004C3486 /* SuperSimpleBudgetPlannerUITests */ = {
			isa = PBXNativeTarget;
			buildConfigurationList = 2F115CB52B9E838C004C3486 /* Build configuration list for PBXNativeTarget "SuperSimpleBudgetPlannerUITests" */;
			buildPhases = (
				2F115CA12B9E838C004C3486 /* Sources */,
				2F115CA22B9E838C004C3486 /* Frameworks */,
				2F115CA32B9E838C004C3486 /* Resources */,
			);
			buildRules = (
			);
			dependencies = (
				2F115CA72B9E838C004C3486 /* PBXTargetDependency */,
			);
			name = SuperSimpleBudgetPlannerUITests;
			productName = SuperSimpleBudgetPlannerUITests;
			productReference = 2F115CA52B9E838C004C3486 /* SuperSimpleBudgetPlannerUITests.xctest */;
			productType = "com.apple.product-type.bundle.ui-testing";
		};
/* End PBXNativeTarget section */

/* Begin PBXProject section */
		2F115C832B9E8389004C3486 /* Project object */ = {
			isa = PBXProject;
			attributes = {
				BuildIndependentTargetsInParallel = 1;
				LastSwiftUpdateCheck = 1520;
				LastUpgradeCheck = 1520;
				TargetAttributes = {
					2F115C8A2B9E8389004C3486 = {
						CreatedOnToolsVersion = 15.2;
					};
					2F115C9A2B9E838C004C3486 = {
						CreatedOnToolsVersion = 15.2;
						TestTargetID = 2F115C8A2B9E8389004C3486;
					};
					2F115CA42B9E838C004C3486 = {
						CreatedOnToolsVersion = 15.2;
						TestTargetID = 2F115C8A2B9E8389004C3486;
					};
				};
			};
			buildConfigurationList = 2F115C862B9E8389004C3486 /* Build configuration list for PBXProject "SuperSimpleBudgetPlanner" */;
			compatibilityVersion = "Xcode 14.0";
			developmentRegion = en;
			hasScannedForEncodings = 0;
			knownRegions = (
				en,
				Base,
			);
			mainGroup = 2F115C822B9E8389004C3486;
			packageReferences = (
				2FE98C702B9E8899008EAD23 /* XCRemoteSwiftPackageReference "supabase-swift" */,
			);
			productRefGroup = 2F115C8C2B9E8389004C3486 /* Products */;
			projectDirPath = "";
			projectRoot = "";
			targets = (
				2F115C8A2B9E8389004C3486 /* SuperSimpleBudgetPlanner */,
				2F115C9A2B9E838C004C3486 /* SuperSimpleBudgetPlannerTests */,
				2F115CA42B9E838C004C3486 /* SuperSimpleBudgetPlannerUITests */,
			);
		};
/* End PBXProject section */

/* Begin PBXResourcesBuildPhase section */
		2F115C892B9E8389004C3486 /* Resources */ = {
			isa = PBXResourcesBuildPhase;
			buildActionMask = 2147483647;
			files = (
				2F115C962B9E838B004C3486 /* Preview Assets.xcassets in Resources */,
				2F115C932B9E838B004C3486 /* Assets.xcassets in Resources */,
			);
			runOnlyForDeploymentPostprocessing = 0;
		};
		2F115C992B9E838C004C3486 /* Resources */ = {
			isa = PBXResourcesBuildPhase;
			buildActionMask = 2147483647;
			files = (
			);
			runOnlyForDeploymentPostprocessing = 0;
		};
		2F115CA32B9E838C004C3486 /* Resources */ = {
			isa = PBXResourcesBuildPhase;
			buildActionMask = 2147483647;
			files = (
			);
			runOnlyForDeploymentPostprocessing = 0;
		};
/* End PBXResourcesBuildPhase section */

/* Begin PBXSourcesBuildPhase section */
		2F115C872B9E8389004C3486 /* Sources */ = {
			isa = PBXSourcesBuildPhase;
			buildActionMask = 2147483647;
			files = (
				2F115C912B9E8389004C3486 /* ContentView.swift in Sources */,
				2FE98C842B9E8EC7008EAD23 /* ExpenseListView.swift in Sources */,
				2F115CB92B9E85A8004C3486 /* Supabase.swift in Sources */,
				2FE98C802B9E89CA008EAD23 /* LoginView.swift in Sources */,
				2F78D6E12BA67CE60096D6AA /* Expense.swift in Sources */,
				2F78D6E32BA67DDF0096D6AA /* DateFormatter.swift in Sources */,
				2F78D6DB2BA532F70096D6AA /* AddExpenseView.swift in Sources */,
				2F67AF312BB21FB500EF0372 /* ExpensesData.swift in Sources */,
				2F78D6DF2BA675C90096D6AA /* User.swift in Sources */,
				2F115C8F2B9E8389004C3486 /* SuperSimpleBudgetPlannerApp.swift in Sources */,
				2FE98C822B9E89E5008EAD23 /* SignupView.swift in Sources */,
				2F96A8A82BBA3CF1008624CB /* UserSession.swift in Sources */,
				2F96A8A42BBA28FC008624CB /* SettingsView.swift in Sources */,
			);
			runOnlyForDeploymentPostprocessing = 0;
		};
		2F115C972B9E838C004C3486 /* Sources */ = {
			isa = PBXSourcesBuildPhase;
			buildActionMask = 2147483647;
			files = (
				2F115CA02B9E838C004C3486 /* SuperSimpleBudgetPlannerTests.swift in Sources */,
			);
			runOnlyForDeploymentPostprocessing = 0;
		};
		2F115CA12B9E838C004C3486 /* Sources */ = {
			isa = PBXSourcesBuildPhase;
			buildActionMask = 2147483647;
			files = (
				2F115CAC2B9E838C004C3486 /* SuperSimpleBudgetPlannerUITestsLaunchTests.swift in Sources */,
				2F115CAA2B9E838C004C3486 /* SuperSimpleBudgetPlannerUITests.swift in Sources */,
			);
			runOnlyForDeploymentPostprocessing = 0;
		};
/* End PBXSourcesBuildPhase section */

/* Begin PBXTargetDependency section */
		2F115C9D2B9E838C004C3486 /* PBXTargetDependency */ = {
			isa = PBXTargetDependency;
			target = 2F115C8A2B9E8389004C3486 /* SuperSimpleBudgetPlanner */;
			targetProxy = 2F115C9C2B9E838C004C3486 /* PBXContainerItemProxy */;
		};
		2F115CA72B9E838C004C3486 /* PBXTargetDependency */ = {
			isa = PBXTargetDependency;
			target = 2F115C8A2B9E8389004C3486 /* SuperSimpleBudgetPlanner */;
			targetProxy = 2F115CA62B9E838C004C3486 /* PBXContainerItemProxy */;
		};
/* End PBXTargetDependency section */

/* Begin XCBuildConfiguration section */
		2F115CAD2B9E838C004C3486 /* Debug */ = {
			isa = XCBuildConfiguration;
			buildSettings = {
				ALWAYS_SEARCH_USER_PATHS = NO;
				ASSETCATALOG_COMPILER_GENERATE_SWIFT_ASSET_SYMBOL_EXTENSIONS = YES;
				CLANG_ANALYZER_NONNULL = YES;
				CLANG_ANALYZER_NUMBER_OBJECT_CONVERSION = YES_AGGRESSIVE;
				CLANG_CXX_LANGUAGE_STANDARD = "gnu++20";
				CLANG_ENABLE_MODULES = YES;
				CLANG_ENABLE_OBJC_ARC = YES;
				CLANG_ENABLE_OBJC_WEAK = YES;
				CLANG_WARN_BLOCK_CAPTURE_AUTORELEASING = YES;
				CLANG_WARN_BOOL_CONVERSION = YES;
				CLANG_WARN_COMMA = YES;
				CLANG_WARN_CONSTANT_CONVERSION = YES;
				CLANG_WARN_DEPRECATED_OBJC_IMPLEMENTATIONS = YES;
				CLANG_WARN_DIRECT_OBJC_ISA_USAGE = YES_ERROR;
				CLANG_WARN_DOCUMENTATION_COMMENTS = YES;
				CLANG_WARN_EMPTY_BODY = YES;
				CLANG_WARN_ENUM_CONVERSION = YES;
				CLANG_WARN_INFINITE_RECURSION = YES;
				CLANG_WARN_INT_CONVERSION = YES;
				CLANG_WARN_NON_LITERAL_NULL_CONVERSION = YES;
				CLANG_WARN_OBJC_IMPLICIT_RETAIN_SELF = YES;
				CLANG_WARN_OBJC_LITERAL_CONVERSION = YES;
				CLANG_WARN_OBJC_ROOT_CLASS = YES_ERROR;
				CLANG_WARN_QUOTED_INCLUDE_IN_FRAMEWORK_HEADER = YES;
				CLANG_WARN_RANGE_LOOP_ANALYSIS = YES;
				CLANG_WARN_STRICT_PROTOTYPES = YES;
				CLANG_WARN_SUSPICIOUS_MOVE = YES;
				CLANG_WARN_UNGUARDED_AVAILABILITY = YES_AGGRESSIVE;
				CLANG_WARN_UNREACHABLE_CODE = YES;
				CLANG_WARN__DUPLICATE_METHOD_MATCH = YES;
				COPY_PHASE_STRIP = NO;
				DEBUG_INFORMATION_FORMAT = dwarf;
				ENABLE_STRICT_OBJC_MSGSEND = YES;
				ENABLE_TESTABILITY = YES;
				ENABLE_USER_SCRIPT_SANDBOXING = YES;
				GCC_C_LANGUAGE_STANDARD = gnu17;
				GCC_DYNAMIC_NO_PIC = NO;
				GCC_NO_COMMON_BLOCKS = YES;
				GCC_OPTIMIZATION_LEVEL = 0;
				GCC_PREPROCESSOR_DEFINITIONS = (
					"DEBUG=1",
					"$(inherited)",
				);
				GCC_WARN_64_TO_32_BIT_CONVERSION = YES;
				GCC_WARN_ABOUT_RETURN_TYPE = YES_ERROR;
				GCC_WARN_UNDECLARED_SELECTOR = YES;
				GCC_WARN_UNINITIALIZED_AUTOS = YES_AGGRESSIVE;
				GCC_WARN_UNUSED_FUNCTION = YES;
				GCC_WARN_UNUSED_VARIABLE = YES;
				IPHONEOS_DEPLOYMENT_TARGET = 17.2;
				LOCALIZATION_PREFERS_STRING_CATALOGS = YES;
				MTL_ENABLE_DEBUG_INFO = INCLUDE_SOURCE;
				MTL_FAST_MATH = YES;
				ONLY_ACTIVE_ARCH = YES;
				SDKROOT = iphoneos;
				SWIFT_ACTIVE_COMPILATION_CONDITIONS = "DEBUG $(inherited)";
				SWIFT_OPTIMIZATION_LEVEL = "-Onone";
			};
			name = Debug;
		};
		2F115CAE2B9E838C004C3486 /* Release */ = {
			isa = XCBuildConfiguration;
			buildSettings = {
				ALWAYS_SEARCH_USER_PATHS = NO;
				ASSETCATALOG_COMPILER_GENERATE_SWIFT_ASSET_SYMBOL_EXTENSIONS = YES;
				CLANG_ANALYZER_NONNULL = YES;
				CLANG_ANALYZER_NUMBER_OBJECT_CONVERSION = YES_AGGRESSIVE;
				CLANG_CXX_LANGUAGE_STANDARD = "gnu++20";
				CLANG_ENABLE_MODULES = YES;
				CLANG_ENABLE_OBJC_ARC = YES;
				CLANG_ENABLE_OBJC_WEAK = YES;
				CLANG_WARN_BLOCK_CAPTURE_AUTORELEASING = YES;
				CLANG_WARN_BOOL_CONVERSION = YES;
				CLANG_WARN_COMMA = YES;
				CLANG_WARN_CONSTANT_CONVERSION = YES;
				CLANG_WARN_DEPRECATED_OBJC_IMPLEMENTATIONS = YES;
				CLANG_WARN_DIRECT_OBJC_ISA_USAGE = YES_ERROR;
				CLANG_WARN_DOCUMENTATION_COMMENTS = YES;
				CLANG_WARN_EMPTY_BODY = YES;
				CLANG_WARN_ENUM_CONVERSION = YES;
				CLANG_WARN_INFINITE_RECURSION = YES;
				CLANG_WARN_INT_CONVERSION = YES;
				CLANG_WARN_NON_LITERAL_NULL_CONVERSION = YES;
				CLANG_WARN_OBJC_IMPLICIT_RETAIN_SELF = YES;
				CLANG_WARN_OBJC_LITERAL_CONVERSION = YES;
				CLANG_WARN_OBJC_ROOT_CLASS = YES_ERROR;
				CLANG_WARN_QUOTED_INCLUDE_IN_FRAMEWORK_HEADER = YES;
				CLANG_WARN_RANGE_LOOP_ANALYSIS = YES;
				CLANG_WARN_STRICT_PROTOTYPES = YES;
				CLANG_WARN_SUSPICIOUS_MOVE = YES;
				CLANG_WARN_UNGUARDED_AVAILABILITY = YES_AGGRESSIVE;
				CLANG_WARN_UNREACHABLE_CODE = YES;
				CLANG_WARN__DUPLICATE_METHOD_MATCH = YES;
				COPY_PHASE_STRIP = NO;
				DEBUG_INFORMATION_FORMAT = "dwarf-with-dsym";
				ENABLE_NS_ASSERTIONS = NO;
				ENABLE_STRICT_OBJC_MSGSEND = YES;
				ENABLE_USER_SCRIPT_SANDBOXING = YES;
				GCC_C_LANGUAGE_STANDARD = gnu17;
				GCC_NO_COMMON_BLOCKS = YES;
				GCC_WARN_64_TO_32_BIT_CONVERSION = YES;
				GCC_WARN_ABOUT_RETURN_TYPE = YES_ERROR;
				GCC_WARN_UNDECLARED_SELECTOR = YES;
				GCC_WARN_UNINITIALIZED_AUTOS = YES_AGGRESSIVE;
				GCC_WARN_UNUSED_FUNCTION = YES;
				GCC_WARN_UNUSED_VARIABLE = YES;
				IPHONEOS_DEPLOYMENT_TARGET = 17.2;
				LOCALIZATION_PREFERS_STRING_CATALOGS = YES;
				MTL_ENABLE_DEBUG_INFO = NO;
				MTL_FAST_MATH = YES;
				SDKROOT = iphoneos;
				SWIFT_COMPILATION_MODE = wholemodule;
				VALIDATE_PRODUCT = YES;
			};
			name = Release;
		};
		2F115CB02B9E838C004C3486 /* Debug */ = {
			isa = XCBuildConfiguration;
			buildSettings = {
				ASSETCATALOG_COMPILER_APPICON_NAME = AppIcon;
				ASSETCATALOG_COMPILER_GLOBAL_ACCENT_COLOR_NAME = AccentColor;
				CODE_SIGN_STYLE = Automatic;
				CURRENT_PROJECT_VERSION = 1;
				DEVELOPMENT_ASSET_PATHS = "\"SuperSimpleBudgetPlanner/Preview Content\"";
				ENABLE_PREVIEWS = YES;
				GENERATE_INFOPLIST_FILE = YES;
				INFOPLIST_KEY_UIApplicationSceneManifest_Generation = YES;
				INFOPLIST_KEY_UIApplicationSupportsIndirectInputEvents = YES;
				INFOPLIST_KEY_UILaunchScreen_Generation = YES;
				INFOPLIST_KEY_UISupportedInterfaceOrientations_iPad = "UIInterfaceOrientationPortrait UIInterfaceOrientationPortraitUpsideDown UIInterfaceOrientationLandscapeLeft UIInterfaceOrientationLandscapeRight";
				INFOPLIST_KEY_UISupportedInterfaceOrientations_iPhone = "UIInterfaceOrientationPortrait UIInterfaceOrientationLandscapeLeft UIInterfaceOrientationLandscapeRight";
				LD_RUNPATH_SEARCH_PATHS = (
					"$(inherited)",
					"@executable_path/Frameworks",
				);
				MARKETING_VERSION = 1.0;
				PRODUCT_BUNDLE_IDENTIFIER = com.tutorial.SuperSimpleBudgetPlanner;
				PRODUCT_NAME = "$(TARGET_NAME)";
				SWIFT_EMIT_LOC_STRINGS = YES;
				SWIFT_VERSION = 5.0;
				TARGETED_DEVICE_FAMILY = "1,2";
			};
			name = Debug;
		};
		2F115CB12B9E838C004C3486 /* Release */ = {
			isa = XCBuildConfiguration;
			buildSettings = {
				ASSETCATALOG_COMPILER_APPICON_NAME = AppIcon;
				ASSETCATALOG_COMPILER_GLOBAL_ACCENT_COLOR_NAME = AccentColor;
				CODE_SIGN_STYLE = Automatic;
				CURRENT_PROJECT_VERSION = 1;
				DEVELOPMENT_ASSET_PATHS = "\"SuperSimpleBudgetPlanner/Preview Content\"";
				ENABLE_PREVIEWS = YES;
				GENERATE_INFOPLIST_FILE = YES;
				INFOPLIST_KEY_UIApplicationSceneManifest_Generation = YES;
				INFOPLIST_KEY_UIApplicationSupportsIndirectInputEvents = YES;
				INFOPLIST_KEY_UILaunchScreen_Generation = YES;
				INFOPLIST_KEY_UISupportedInterfaceOrientations_iPad = "UIInterfaceOrientationPortrait UIInterfaceOrientationPortraitUpsideDown UIInterfaceOrientationLandscapeLeft UIInterfaceOrientationLandscapeRight";
				INFOPLIST_KEY_UISupportedInterfaceOrientations_iPhone = "UIInterfaceOrientationPortrait UIInterfaceOrientationLandscapeLeft UIInterfaceOrientationLandscapeRight";
				LD_RUNPATH_SEARCH_PATHS = (
					"$(inherited)",
					"@executable_path/Frameworks",
				);
				MARKETING_VERSION = 1.0;
				PRODUCT_BUNDLE_IDENTIFIER = com.tutorial.SuperSimpleBudgetPlanner;
				PRODUCT_NAME = "$(TARGET_NAME)";
				SWIFT_EMIT_LOC_STRINGS = YES;
				SWIFT_VERSION = 5.0;
				TARGETED_DEVICE_FAMILY = "1,2";
			};
			name = Release;
		};
		2F115CB32B9E838C004C3486 /* Debug */ = {
			isa = XCBuildConfiguration;
			buildSettings = {
				ALWAYS_EMBED_SWIFT_STANDARD_LIBRARIES = YES;
				BUNDLE_LOADER = "$(TEST_HOST)";
				CODE_SIGN_STYLE = Automatic;
				CURRENT_PROJECT_VERSION = 1;
				GENERATE_INFOPLIST_FILE = YES;
				IPHONEOS_DEPLOYMENT_TARGET = 17.2;
				MARKETING_VERSION = 1.0;
				PRODUCT_BUNDLE_IDENTIFIER = com.tutorial.SuperSimpleBudgetPlannerTests;
				PRODUCT_NAME = "$(TARGET_NAME)";
				SWIFT_EMIT_LOC_STRINGS = NO;
				SWIFT_VERSION = 5.0;
				TARGETED_DEVICE_FAMILY = "1,2";
				TEST_HOST = "$(BUILT_PRODUCTS_DIR)/SuperSimpleBudgetPlanner.app/$(BUNDLE_EXECUTABLE_FOLDER_PATH)/SuperSimpleBudgetPlanner";
			};
			name = Debug;
		};
		2F115CB42B9E838C004C3486 /* Release */ = {
			isa = XCBuildConfiguration;
			buildSettings = {
				ALWAYS_EMBED_SWIFT_STANDARD_LIBRARIES = YES;
				BUNDLE_LOADER = "$(TEST_HOST)";
				CODE_SIGN_STYLE = Automatic;
				CURRENT_PROJECT_VERSION = 1;
				GENERATE_INFOPLIST_FILE = YES;
				IPHONEOS_DEPLOYMENT_TARGET = 17.2;
				MARKETING_VERSION = 1.0;
				PRODUCT_BUNDLE_IDENTIFIER = com.tutorial.SuperSimpleBudgetPlannerTests;
				PRODUCT_NAME = "$(TARGET_NAME)";
				SWIFT_EMIT_LOC_STRINGS = NO;
				SWIFT_VERSION = 5.0;
				TARGETED_DEVICE_FAMILY = "1,2";
				TEST_HOST = "$(BUILT_PRODUCTS_DIR)/SuperSimpleBudgetPlanner.app/$(BUNDLE_EXECUTABLE_FOLDER_PATH)/SuperSimpleBudgetPlanner";
			};
			name = Release;
		};
		2F115CB62B9E838C004C3486 /* Debug */ = {
			isa = XCBuildConfiguration;
			buildSettings = {
				ALWAYS_EMBED_SWIFT_STANDARD_LIBRARIES = YES;
				CODE_SIGN_STYLE = Automatic;
				CURRENT_PROJECT_VERSION = 1;
				GENERATE_INFOPLIST_FILE = YES;
				MARKETING_VERSION = 1.0;
				PRODUCT_BUNDLE_IDENTIFIER = com.tutorial.SuperSimpleBudgetPlannerUITests;
				PRODUCT_NAME = "$(TARGET_NAME)";
				SWIFT_EMIT_LOC_STRINGS = NO;
				SWIFT_VERSION = 5.0;
				TARGETED_DEVICE_FAMILY = "1,2";
				TEST_TARGET_NAME = SuperSimpleBudgetPlanner;
			};
			name = Debug;
		};
		2F115CB72B9E838C004C3486 /* Release */ = {
			isa = XCBuildConfiguration;
			buildSettings = {
				ALWAYS_EMBED_SWIFT_STANDARD_LIBRARIES = YES;
				CODE_SIGN_STYLE = Automatic;
				CURRENT_PROJECT_VERSION = 1;
				GENERATE_INFOPLIST_FILE = YES;
				MARKETING_VERSION = 1.0;
				PRODUCT_BUNDLE_IDENTIFIER = com.tutorial.SuperSimpleBudgetPlannerUITests;
				PRODUCT_NAME = "$(TARGET_NAME)";
				SWIFT_EMIT_LOC_STRINGS = NO;
				SWIFT_VERSION = 5.0;
				TARGETED_DEVICE_FAMILY = "1,2";
				TEST_TARGET_NAME = SuperSimpleBudgetPlanner;
			};
			name = Release;
		};
/* End XCBuildConfiguration section */

/* Begin XCConfigurationList section */
		2F115C862B9E8389004C3486 /* Build configuration list for PBXProject "SuperSimpleBudgetPlanner" */ = {
			isa = XCConfigurationList;
			buildConfigurations = (
				2F115CAD2B9E838C004C3486 /* Debug */,
				2F115CAE2B9E838C004C3486 /* Release */,
			);
			defaultConfigurationIsVisible = 0;
			defaultConfigurationName = Release;
		};
		2F115CAF2B9E838C004C3486 /* Build configuration list for PBXNativeTarget "SuperSimpleBudgetPlanner" */ = {
			isa = XCConfigurationList;
			buildConfigurations = (
				2F115CB02B9E838C004C3486 /* Debug */,
				2F115CB12B9E838C004C3486 /* Release */,
			);
			defaultConfigurationIsVisible = 0;
			defaultConfigurationName = Release;
		};
		2F115CB22B9E838C004C3486 /* Build configuration list for PBXNativeTarget "SuperSimpleBudgetPlannerTests" */ = {
			isa = XCConfigurationList;
			buildConfigurations = (
				2F115CB32B9E838C004C3486 /* Debug */,
				2F115CB42B9E838C004C3486 /* Release */,
			);
			defaultConfigurationIsVisible = 0;
			defaultConfigurationName = Release;
		};
		2F115CB52B9E838C004C3486 /* Build configuration list for PBXNativeTarget "SuperSimpleBudgetPlannerUITests" */ = {
			isa = XCConfigurationList;
			buildConfigurations = (
				2F115CB62B9E838C004C3486 /* Debug */,
				2F115CB72B9E838C004C3486 /* Release */,
			);
			defaultConfigurationIsVisible = 0;
			defaultConfigurationName = Release;
		};
/* End XCConfigurationList section */

/* Begin XCRemoteSwiftPackageReference section */
		2FE98C702B9E8899008EAD23 /* XCRemoteSwiftPackageReference "supabase-swift" */ = {
			isa = XCRemoteSwiftPackageReference;
			repositoryURL = "https://github.com/supabase-community/supabase-swift.git";
			requirement = {
				kind = upToNextMajorVersion;
				minimumVersion = 2.4.0;
			};
		};
/* End XCRemoteSwiftPackageReference section */

/* Begin XCSwiftPackageProductDependency section */
		2FE98C712B9E8899008EAD23 /* Auth */ = {
			isa = XCSwiftPackageProductDependency;
			package = 2FE98C702B9E8899008EAD23 /* XCRemoteSwiftPackageReference "supabase-swift" */;
			productName = Auth;
		};
		2FE98C732B9E8899008EAD23 /* Functions */ = {
			isa = XCSwiftPackageProductDependency;
			package = 2FE98C702B9E8899008EAD23 /* XCRemoteSwiftPackageReference "supabase-swift" */;
			productName = Functions;
		};
		2FE98C752B9E8899008EAD23 /* PostgREST */ = {
			isa = XCSwiftPackageProductDependency;
			package = 2FE98C702B9E8899008EAD23 /* XCRemoteSwiftPackageReference "supabase-swift" */;
			productName = PostgREST;
		};
		2FE98C772B9E8899008EAD23 /* Realtime */ = {
			isa = XCSwiftPackageProductDependency;
			package = 2FE98C702B9E8899008EAD23 /* XCRemoteSwiftPackageReference "supabase-swift" */;
			productName = Realtime;
		};
		2FE98C792B9E8899008EAD23 /* Storage */ = {
			isa = XCSwiftPackageProductDependency;
			package = 2FE98C702B9E8899008EAD23 /* XCRemoteSwiftPackageReference "supabase-swift" */;
			productName = Storage;
		};
		2FE98C7B2B9E8899008EAD23 /* Supabase */ = {
			isa = XCSwiftPackageProductDependency;
			package = 2FE98C702B9E8899008EAD23 /* XCRemoteSwiftPackageReference "supabase-swift" */;
			productName = Supabase;
		};
/* End XCSwiftPackageProductDependency section */
	};
	rootObject = 2F115C832B9E8389004C3486 /* Project object */;
}
